
Microsoft Visual Studio Solution File, Format Version 12.00
# Visual Studio Version 17
VisualStudioVersion = 17.4.33213.308
MinimumVisualStudioVersion = 10.0.40219.1
Project("{FAE04EC0-301F-11D3-BF4B-00C04F79EFBC}") = "Library", "Library.csproj", "{841E5DB3-701A-4CC7-96BE-5B209F9B0589}"
EndProject
Global
	GlobalSection(SolutionConfigurationPlatforms) = preSolution
		Debug|Any CPU = Debug|Any CPU
		Release|Any CPU = Release|Any CPU
	EndGlobalSection
	GlobalSection(ProjectConfigurationPlatforms) = postSolution
		{841E5DB3-701A-4CC7-96BE-5B209F9B0589}.Debug|Any CPU.ActiveCfg = Debug|Any CPU
		{841E5DB3-701A-4CC7-96BE-5B209F9B0589}.Debug|Any CPU.Build.0 = Debug|Any CPU
		{841E5DB3-701A-4CC7-96BE-5B209F9B0589}.Release|Any CPU.ActiveCfg = Release|Any CPU
		{841E5DB3-701A-4CC7-96BE-5B209F9B0589}.Release|Any CPU.Build.0 = Release|Any CPU
	EndGlobalSection
	GlobalSection(SolutionProperties) = preSolution
		HideSolutionNode = FALSE
	EndGlobalSection
	GlobalSection(ExtensibilityGlobals) = postSolution
		SolutionGuid = {2D1011C0-4E1B-4DE3-891D-22A72A236FD7}
	EndGlobalSection
EndGlobal
